// !$*UTF8*$!
{
	archiveVersion = 1;
	classes = {
	};
	objectVersion = 56;
	objects = {

/* Begin PBXBuildFile section */
		D40B611E2C8C2D6800ECF55D /* Todo_AppApp.swift in Sources */ = {isa = PBXBuildFile; fileRef = D40B611D2C8C2D6800ECF55D /* Todo_AppApp.swift */; };
		D40B61202C8C2D6800ECF55D /* ContentView.swift in Sources */ = {isa = PBXBuildFile; fileRef = D40B611F2C8C2D6800ECF55D /* ContentView.swift */; };
		D40B61222C8C2D6A00ECF55D /* Assets.xcassets in Resources */ = {isa = PBXBuildFile; fileRef = D40B61212C8C2D6A00ECF55D /* Assets.xcassets */; };
		D40B61252C8C2D6A00ECF55D /* Preview Assets.xcassets in Resources */ = {isa = PBXBuildFile; fileRef = D40B61242C8C2D6A00ECF55D /* Preview Assets.xcassets */; };
		D40B61272C8C2D6A00ECF55D /* Persistence.swift in Sources */ = {isa = PBXBuildFile; fileRef = D40B61262C8C2D6A00ECF55D /* Persistence.swift */; };
		D40B612A2C8C2D6A00ECF55D /* Todo_App.xcdatamodeld in Sources */ = {isa = PBXBuildFile; fileRef = D40B61282C8C2D6A00ECF55D /* Todo_App.xcdatamodeld */; };
		D40B61342C8C2DF400ECF55D /* AddTodoView.swift in Sources */ = {isa = PBXBuildFile; fileRef = D40B61332C8C2DF400ECF55D /* AddTodoView.swift */; };
		D4529BBD2C9015AC007A6F80 /* Blue.png in Resources */ = {isa = PBXBuildFile; fileRef = D4529BB42C9015AC007A6F80 /* Blue.png */; };
		D4529BBE2C9015AC007A6F80 /* Blue Dark.png in Resources */ = {isa = PBXBuildFile; fileRef = D4529BB52C9015AC007A6F80 /* Blue Dark.png */; };
		D4529BBF2C9015AC007A6F80 /* Blue Light.png in Resources */ = {isa = PBXBuildFile; fileRef = D4529BB62C9015AC007A6F80 /* Blue Light.png */; };
		D4529BC02C9015AC007A6F80 /* Green Light.png in Resources */ = {isa = PBXBuildFile; fileRef = D4529BB72C9015AC007A6F80 /* Green Light.png */; };
		D4529BC12C9015AC007A6F80 /* Green Dark.png in Resources */ = {isa = PBXBuildFile; fileRef = D4529BB82C9015AC007A6F80 /* Green Dark.png */; };
		D4529BC22C9015AC007A6F80 /* Pink.png in Resources */ = {isa = PBXBuildFile; fileRef = D4529BB92C9015AC007A6F80 /* Pink.png */; };
		D4529BC32C9015AC007A6F80 /* Pink Light.png in Resources */ = {isa = PBXBuildFile; fileRef = D4529BBA2C9015AC007A6F80 /* Pink Light.png */; };
		D4529BC42C9015AC007A6F80 /* Green.png in Resources */ = {isa = PBXBuildFile; fileRef = D4529BBB2C9015AC007A6F80 /* Green.png */; };
		D4529BC52C9015AC007A6F80 /* Pink Dark.png in Resources */ = {isa = PBXBuildFile; fileRef = D4529BBC2C9015AC007A6F80 /* Pink Dark.png */; };
		D46FAE982C8F6E3000A69046 /* SettingsView.swift in Sources */ = {isa = PBXBuildFile; fileRef = D46FAE972C8F6E3000A69046 /* SettingsView.swift */; };
		D46FAE9A2C8F712B00A69046 /* FormRowStaticView.swift in Sources */ = {isa = PBXBuildFile; fileRef = D46FAE992C8F712B00A69046 /* FormRowStaticView.swift */; };
		D46FAE9C2C8F739E00A69046 /* FormRowLinkView.swift in Sources */ = {isa = PBXBuildFile; fileRef = D46FAE9B2C8F739E00A69046 /* FormRowLinkView.swift */; };
		D48BE6772C9752AB00D11CE2 /* ThemeModel.swift in Sources */ = {isa = PBXBuildFile; fileRef = D48BE6762C9752AB00D11CE2 /* ThemeModel.swift */; };
		D48BE6792C9752FC00D11CE2 /* ThemeData.swift in Sources */ = {isa = PBXBuildFile; fileRef = D48BE6782C9752FC00D11CE2 /* ThemeData.swift */; };
		D48BE67B2C97537500D11CE2 /* ThemeSettings.swift in Sources */ = {isa = PBXBuildFile; fileRef = D48BE67A2C97537500D11CE2 /* ThemeSettings.swift */; };
		D4AEBF772C8CFE1800E6B7C5 /* Launch Screen.storyboard in Resources */ = {isa = PBXBuildFile; fileRef = D4AEBF762C8CFE1800E6B7C5 /* Launch Screen.storyboard */; };
		D4AEBF792C8D004200E6B7C5 /* EmptyListView.swift in Sources */ = {isa = PBXBuildFile; fileRef = D4AEBF782C8D004200E6B7C5 /* EmptyListView.swift */; };
		D4AEF6322C929F4700E07B89 /* AppIconsView.swift in Sources */ = {isa = PBXBuildFile; fileRef = D4AEF6312C929F4700E07B89 /* AppIconsView.swift */; };
/* End PBXBuildFile section */

/* Begin PBXFileReference section */
		D40B611A2C8C2D6800ECF55D /* Todo App.app */ = {isa = PBXFileReference; explicitFileType = wrapper.application; includeInIndex = 0; path = "Todo App.app"; sourceTree = BUILT_PRODUCTS_DIR; };
		D40B611D2C8C2D6800ECF55D /* Todo_AppApp.swift */ = {isa = PBXFileReference; lastKnownFileType = sourcecode.swift; path = Todo_AppApp.swift; sourceTree = "<group>"; };
		D40B611F2C8C2D6800ECF55D /* ContentView.swift */ = {isa = PBXFileReference; lastKnownFileType = sourcecode.swift; path = ContentView.swift; sourceTree = "<group>"; };
		D40B61212C8C2D6A00ECF55D /* Assets.xcassets */ = {isa = PBXFileReference; lastKnownFileType = folder.assetcatalog; path = Assets.xcassets; sourceTree = "<group>"; };
		D40B61242C8C2D6A00ECF55D /* Preview Assets.xcassets */ = {isa = PBXFileReference; lastKnownFileType = folder.assetcatalog; path = "Preview Assets.xcassets"; sourceTree = "<group>"; };
		D40B61262C8C2D6A00ECF55D /* Persistence.swift */ = {isa = PBXFileReference; lastKnownFileType = sourcecode.swift; path = Persistence.swift; sourceTree = "<group>"; };
		D40B61292C8C2D6A00ECF55D /* Todo_App.xcdatamodel */ = {isa = PBXFileReference; lastKnownFileType = wrapper.xcdatamodel; path = Todo_App.xcdatamodel; sourceTree = "<group>"; };
		D40B61332C8C2DF400ECF55D /* AddTodoView.swift */ = {isa = PBXFileReference; lastKnownFileType = sourcecode.swift; path = AddTodoView.swift; sourceTree = "<group>"; };
		D4529BB42C9015AC007A6F80 /* Blue.png */ = {isa = PBXFileReference; lastKnownFileType = image.png; path = Blue.png; sourceTree = "<group>"; };
		D4529BB52C9015AC007A6F80 /* Blue Dark.png */ = {isa = PBXFileReference; lastKnownFileType = image.png; path = "Blue Dark.png"; sourceTree = "<group>"; };
		D4529BB62C9015AC007A6F80 /* Blue Light.png */ = {isa = PBXFileReference; lastKnownFileType = image.png; path = "Blue Light.png"; sourceTree = "<group>"; };
		D4529BB72C9015AC007A6F80 /* Green Light.png */ = {isa = PBXFileReference; lastKnownFileType = image.png; path = "Green Light.png"; sourceTree = "<group>"; };
		D4529BB82C9015AC007A6F80 /* Green Dark.png */ = {isa = PBXFileReference; lastKnownFileType = image.png; path = "Green Dark.png"; sourceTree = "<group>"; };
		D4529BB92C9015AC007A6F80 /* Pink.png */ = {isa = PBXFileReference; lastKnownFileType = image.png; path = Pink.png; sourceTree = "<group>"; };
		D4529BBA2C9015AC007A6F80 /* Pink Light.png */ = {isa = PBXFileReference; lastKnownFileType = image.png; path = "Pink Light.png"; sourceTree = "<group>"; };
		D4529BBB2C9015AC007A6F80 /* Green.png */ = {isa = PBXFileReference; lastKnownFileType = image.png; path = Green.png; sourceTree = "<group>"; };
		D4529BBC2C9015AC007A6F80 /* Pink Dark.png */ = {isa = PBXFileReference; lastKnownFileType = image.png; path = "Pink Dark.png"; sourceTree = "<group>"; };
		D4529BC62C9016EF007A6F80 /* Todo-App-Info.plist */ = {isa = PBXFileReference; lastKnownFileType = text.plist; path = "Todo-App-Info.plist"; sourceTree = SOURCE_ROOT; };
		D46FAE972C8F6E3000A69046 /* SettingsView.swift */ = {isa = PBXFileReference; lastKnownFileType = sourcecode.swift; path = SettingsView.swift; sourceTree = "<group>"; };
		D46FAE992C8F712B00A69046 /* FormRowStaticView.swift */ = {isa = PBXFileReference; lastKnownFileType = sourcecode.swift; path = FormRowStaticView.swift; sourceTree = "<group>"; };
		D46FAE9B2C8F739E00A69046 /* FormRowLinkView.swift */ = {isa = PBXFileReference; lastKnownFileType = sourcecode.swift; path = FormRowLinkView.swift; sourceTree = "<group>"; };
		D48BE6762C9752AB00D11CE2 /* ThemeModel.swift */ = {isa = PBXFileReference; lastKnownFileType = sourcecode.swift; path = ThemeModel.swift; sourceTree = "<group>"; };
		D48BE6782C9752FC00D11CE2 /* ThemeData.swift */ = {isa = PBXFileReference; lastKnownFileType = sourcecode.swift; path = ThemeData.swift; sourceTree = "<group>"; };
		D48BE67A2C97537500D11CE2 /* ThemeSettings.swift */ = {isa = PBXFileReference; lastKnownFileType = sourcecode.swift; path = ThemeSettings.swift; sourceTree = "<group>"; };
		D4AEBF762C8CFE1800E6B7C5 /* Launch Screen.storyboard */ = {isa = PBXFileReference; lastKnownFileType = file.storyboard; path = "Launch Screen.storyboard"; sourceTree = "<group>"; };
		D4AEBF782C8D004200E6B7C5 /* EmptyListView.swift */ = {isa = PBXFileReference; lastKnownFileType = sourcecode.swift; path = EmptyListView.swift; sourceTree = "<group>"; };
		D4AEF6312C929F4700E07B89 /* AppIconsView.swift */ = {isa = PBXFileReference; lastKnownFileType = sourcecode.swift; path = AppIconsView.swift; sourceTree = "<group>"; };
/* End PBXFileReference section */

/* Begin PBXFrameworksBuildPhase section */
		D40B61172C8C2D6800ECF55D /* Frameworks */ = {
			isa = PBXFrameworksBuildPhase;
			buildActionMask = 2147483647;
			files = (
			);
			runOnlyForDeploymentPostprocessing = 0;
		};
/* End PBXFrameworksBuildPhase section */

/* Begin PBXGroup section */
		D40B61112C8C2D6800ECF55D = {
			isa = PBXGroup;
			children = (
				D40B611C2C8C2D6800ECF55D /* Todo App */,
				D40B611B2C8C2D6800ECF55D /* Products */,
			);
			sourceTree = "<group>";
		};
		D40B611B2C8C2D6800ECF55D /* Products */ = {
			isa = PBXGroup;
			children = (
				D40B611A2C8C2D6800ECF55D /* Todo App.app */,
			);
			name = Products;
			sourceTree = "<group>";
		};
		D40B611C2C8C2D6800ECF55D /* Todo App */ = {
			isa = PBXGroup;
			children = (
				D48BE6752C97529200D11CE2 /* Theme */,
				D4529BC62C9016EF007A6F80 /* Todo-App-Info.plist */,
				D4529BB32C90156B007A6F80 /* Icons */,
				D40B61302C8C2D9900ECF55D /* View */,
				D40B611D2C8C2D6800ECF55D /* Todo_AppApp.swift */,
				D40B61212C8C2D6A00ECF55D /* Assets.xcassets */,
				D40B61262C8C2D6A00ECF55D /* Persistence.swift */,
				D40B61282C8C2D6A00ECF55D /* Todo_App.xcdatamodeld */,
				D40B61232C8C2D6A00ECF55D /* Preview Content */,
				D4AEBF762C8CFE1800E6B7C5 /* Launch Screen.storyboard */,
			);
			path = "Todo App";
			sourceTree = "<group>";
		};
		D40B61232C8C2D6A00ECF55D /* Preview Content */ = {
			isa = PBXGroup;
			children = (
				D40B61242C8C2D6A00ECF55D /* Preview Assets.xcassets */,
			);
			path = "Preview Content";
			sourceTree = "<group>";
		};
		D40B61302C8C2D9900ECF55D /* View */ = {
			isa = PBXGroup;
			children = (
				D40B611F2C8C2D6800ECF55D /* ContentView.swift */,
				D40B61332C8C2DF400ECF55D /* AddTodoView.swift */,
				D4AEBF782C8D004200E6B7C5 /* EmptyListView.swift */,
				D46FAE972C8F6E3000A69046 /* SettingsView.swift */,
				D46FAE992C8F712B00A69046 /* FormRowStaticView.swift */,
				D46FAE9B2C8F739E00A69046 /* FormRowLinkView.swift */,
				D4AEF6312C929F4700E07B89 /* AppIconsView.swift */,
			);
			path = View;
			sourceTree = "<group>";
		};
		D4529BB32C90156B007A6F80 /* Icons */ = {
			isa = PBXGroup;
			children = (
				D4529BB52C9015AC007A6F80 /* Blue Dark.png */,
				D4529BB62C9015AC007A6F80 /* Blue Light.png */,
				D4529BB42C9015AC007A6F80 /* Blue.png */,
				D4529BB82C9015AC007A6F80 /* Green Dark.png */,
				D4529BB72C9015AC007A6F80 /* Green Light.png */,
				D4529BBB2C9015AC007A6F80 /* Green.png */,
				D4529BBC2C9015AC007A6F80 /* Pink Dark.png */,
				D4529BBA2C9015AC007A6F80 /* Pink Light.png */,
				D4529BB92C9015AC007A6F80 /* Pink.png */,
			);
			path = Icons;
			sourceTree = "<group>";
		};
		D48BE6752C97529200D11CE2 /* Theme */ = {
			isa = PBXGroup;
			children = (
				D48BE6762C9752AB00D11CE2 /* ThemeModel.swift */,
				D48BE6782C9752FC00D11CE2 /* ThemeData.swift */,
				D48BE67A2C97537500D11CE2 /* ThemeSettings.swift */,
			);
			path = Theme;
			sourceTree = "<group>";
		};
/* End PBXGroup section */

/* Begin PBXNativeTarget section */
		D40B61192C8C2D6800ECF55D /* Todo App */ = {
			isa = PBXNativeTarget;
			buildConfigurationList = D40B612D2C8C2D6A00ECF55D /* Build configuration list for PBXNativeTarget "Todo App" */;
			buildPhases = (
				D40B61162C8C2D6800ECF55D /* Sources */,
				D40B61172C8C2D6800ECF55D /* Frameworks */,
				D40B61182C8C2D6800ECF55D /* Resources */,
			);
			buildRules = (
			);
			dependencies = (
			);
			name = "Todo App";
			productName = "Todo App";
			productReference = D40B611A2C8C2D6800ECF55D /* Todo App.app */;
			productType = "com.apple.product-type.application";
		};
/* End PBXNativeTarget section */

/* Begin PBXProject section */
		D40B61122C8C2D6800ECF55D /* Project object */ = {
			isa = PBXProject;
			attributes = {
				BuildIndependentTargetsInParallel = 1;
				LastSwiftUpdateCheck = 1540;
				LastUpgradeCheck = 1540;
				TargetAttributes = {
					D40B61192C8C2D6800ECF55D = {
						CreatedOnToolsVersion = 15.4;
					};
				};
			};
			buildConfigurationList = D40B61152C8C2D6800ECF55D /* Build configuration list for PBXProject "Todo App" */;
			compatibilityVersion = "Xcode 14.0";
			developmentRegion = en;
			hasScannedForEncodings = 0;
			knownRegions = (
				en,
				Base,
			);
			mainGroup = D40B61112C8C2D6800ECF55D;
			productRefGroup = D40B611B2C8C2D6800ECF55D /* Products */;
			projectDirPath = "";
			projectRoot = "";
			targets = (
				D40B61192C8C2D6800ECF55D /* Todo App */,
			);
		};
/* End PBXProject section */

/* Begin PBXResourcesBuildPhase section */
		D40B61182C8C2D6800ECF55D /* Resources */ = {
			isa = PBXResourcesBuildPhase;
			buildActionMask = 2147483647;
			files = (
				D4529BC52C9015AC007A6F80 /* Pink Dark.png in Resources */,
				D4529BC22C9015AC007A6F80 /* Pink.png in Resources */,
				D4529BC02C9015AC007A6F80 /* Green Light.png in Resources */,
				D4AEBF772C8CFE1800E6B7C5 /* Launch Screen.storyboard in Resources */,
				D4529BC42C9015AC007A6F80 /* Green.png in Resources */,
				D40B61252C8C2D6A00ECF55D /* Preview Assets.xcassets in Resources */,
				D40B61222C8C2D6A00ECF55D /* Assets.xcassets in Resources */,
				D4529BC12C9015AC007A6F80 /* Green Dark.png in Resources */,
				D4529BBF2C9015AC007A6F80 /* Blue Light.png in Resources */,
				D4529BC32C9015AC007A6F80 /* Pink Light.png in Resources */,
				D4529BBD2C9015AC007A6F80 /* Blue.png in Resources */,
				D4529BBE2C9015AC007A6F80 /* Blue Dark.png in Resources */,
			);
			runOnlyForDeploymentPostprocessing = 0;
		};
/* End PBXResourcesBuildPhase section */

/* Begin PBXSourcesBuildPhase section */
		D40B61162C8C2D6800ECF55D /* Sources */ = {
			isa = PBXSourcesBuildPhase;
			buildActionMask = 2147483647;
			files = (
				D46FAE982C8F6E3000A69046 /* SettingsView.swift in Sources */,
				D48BE67B2C97537500D11CE2 /* ThemeSettings.swift in Sources */,
				D4AEF6322C929F4700E07B89 /* AppIconsView.swift in Sources */,
				D46FAE9A2C8F712B00A69046 /* FormRowStaticView.swift in Sources */,
				D48BE6792C9752FC00D11CE2 /* ThemeData.swift in Sources */,
				D48BE6772C9752AB00D11CE2 /* ThemeModel.swift in Sources */,
				D46FAE9C2C8F739E00A69046 /* FormRowLinkView.swift in Sources */,
				D40B61272C8C2D6A00ECF55D /* Persistence.swift in Sources */,
				D40B61202C8C2D6800ECF55D /* ContentView.swift in Sources */,
				D4AEBF792C8D004200E6B7C5 /* EmptyListView.swift in Sources */,
				D40B611E2C8C2D6800ECF55D /* Todo_AppApp.swift in Sources */,
				D40B612A2C8C2D6A00ECF55D /* Todo_App.xcdatamodeld in Sources */,
				D40B61342C8C2DF400ECF55D /* AddTodoView.swift in Sources */,
			);
			runOnlyForDeploymentPostprocessing = 0;
		};
/* End PBXSourcesBuildPhase section */

/* Begin XCBuildConfiguration section */
		D40B612B2C8C2D6A00ECF55D /* Debug */ = {
			isa = XCBuildConfiguration;
			buildSettings = {
				ALWAYS_SEARCH_USER_PATHS = NO;
				ASSETCATALOG_COMPILER_GENERATE_SWIFT_ASSET_SYMBOL_EXTENSIONS = YES;
				CLANG_ANALYZER_NONNULL = YES;
				CLANG_ANALYZER_NUMBER_OBJECT_CONVERSION = YES_AGGRESSIVE;
				CLANG_CXX_LANGUAGE_STANDARD = "gnu++20";
				CLANG_ENABLE_MODULES = YES;
				CLANG_ENABLE_OBJC_ARC = YES;
				CLANG_ENABLE_OBJC_WEAK = YES;
				CLANG_WARN_BLOCK_CAPTURE_AUTORELEASING = YES;
				CLANG_WARN_BOOL_CONVERSION = YES;
				CLANG_WARN_COMMA = YES;
				CLANG_WARN_CONSTANT_CONVERSION = YES;
				CLANG_WARN_DEPRECATED_OBJC_IMPLEMENTATIONS = YES;
				CLANG_WARN_DIRECT_OBJC_ISA_USAGE = YES_ERROR;
				CLANG_WARN_DOCUMENTATION_COMMENTS = YES;
				CLANG_WARN_EMPTY_BODY = YES;
				CLANG_WARN_ENUM_CONVERSION = YES;
				CLANG_WARN_INFINITE_RECURSION = YES;
				CLANG_WARN_INT_CONVERSION = YES;
				CLANG_WARN_NON_LITERAL_NULL_CONVERSION = YES;
				CLANG_WARN_OBJC_IMPLICIT_RETAIN_SELF = YES;
				CLANG_WARN_OBJC_LITERAL_CONVERSION = YES;
				CLANG_WARN_OBJC_ROOT_CLASS = YES_ERROR;
				CLANG_WARN_QUOTED_INCLUDE_IN_FRAMEWORK_HEADER = YES;
				CLANG_WARN_RANGE_LOOP_ANALYSIS = YES;
				CLANG_WARN_STRICT_PROTOTYPES = YES;
				CLANG_WARN_SUSPICIOUS_MOVE = YES;
				CLANG_WARN_UNGUARDED_AVAILABILITY = YES_AGGRESSIVE;
				CLANG_WARN_UNREACHABLE_CODE = YES;
				CLANG_WARN__DUPLICATE_METHOD_MATCH = YES;
				COPY_PHASE_STRIP = NO;
				DEBUG_INFORMATION_FORMAT = dwarf;
				ENABLE_STRICT_OBJC_MSGSEND = YES;
				ENABLE_TESTABILITY = YES;
				ENABLE_USER_SCRIPT_SANDBOXING = YES;
				GCC_C_LANGUAGE_STANDARD = gnu17;
				GCC_DYNAMIC_NO_PIC = NO;
				GCC_NO_COMMON_BLOCKS = YES;
				GCC_OPTIMIZATION_LEVEL = 0;
				GCC_PREPROCESSOR_DEFINITIONS = (
					"DEBUG=1",
					"$(inherited)",
				);
				GCC_WARN_64_TO_32_BIT_CONVERSION = YES;
				GCC_WARN_ABOUT_RETURN_TYPE = YES_ERROR;
				GCC_WARN_UNDECLARED_SELECTOR = YES;
				GCC_WARN_UNINITIALIZED_AUTOS = YES_AGGRESSIVE;
				GCC_WARN_UNUSED_FUNCTION = YES;
				GCC_WARN_UNUSED_VARIABLE = YES;
				IPHONEOS_DEPLOYMENT_TARGET = 17.5;
				LOCALIZATION_PREFERS_STRING_CATALOGS = YES;
				MTL_ENABLE_DEBUG_INFO = INCLUDE_SOURCE;
				MTL_FAST_MATH = YES;
				ONLY_ACTIVE_ARCH = YES;
				SDKROOT = iphoneos;
				SWIFT_ACTIVE_COMPILATION_CONDITIONS = "DEBUG $(inherited)";
				SWIFT_OPTIMIZATION_LEVEL = "-Onone";
			};
			name = Debug;
		};
		D40B612C2C8C2D6A00ECF55D /* Release */ = {
			isa = XCBuildConfiguration;
			buildSettings = {
				ALWAYS_SEARCH_USER_PATHS = NO;
				ASSETCATALOG_COMPILER_GENERATE_SWIFT_ASSET_SYMBOL_EXTENSIONS = YES;
				CLANG_ANALYZER_NONNULL = YES;
				CLANG_ANALYZER_NUMBER_OBJECT_CONVERSION = YES_AGGRESSIVE;
				CLANG_CXX_LANGUAGE_STANDARD = "gnu++20";
				CLANG_ENABLE_MODULES = YES;
				CLANG_ENABLE_OBJC_ARC = YES;
				CLANG_ENABLE_OBJC_WEAK = YES;
				CLANG_WARN_BLOCK_CAPTURE_AUTORELEASING = YES;
				CLANG_WARN_BOOL_CONVERSION = YES;
				CLANG_WARN_COMMA = YES;
				CLANG_WARN_CONSTANT_CONVERSION = YES;
				CLANG_WARN_DEPRECATED_OBJC_IMPLEMENTATIONS = YES;
				CLANG_WARN_DIRECT_OBJC_ISA_USAGE = YES_ERROR;
				CLANG_WARN_DOCUMENTATION_COMMENTS = YES;
				CLANG_WARN_EMPTY_BODY = YES;
				CLANG_WARN_ENUM_CONVERSION = YES;
				CLANG_WARN_INFINITE_RECURSION = YES;
				CLANG_WARN_INT_CONVERSION = YES;
				CLANG_WARN_NON_LITERAL_NULL_CONVERSION = YES;
				CLANG_WARN_OBJC_IMPLICIT_RETAIN_SELF = YES;
				CLANG_WARN_OBJC_LITERAL_CONVERSION = YES;
				CLANG_WARN_OBJC_ROOT_CLASS = YES_ERROR;
				CLANG_WARN_QUOTED_INCLUDE_IN_FRAMEWORK_HEADER = YES;
				CLANG_WARN_RANGE_LOOP_ANALYSIS = YES;
				CLANG_WARN_STRICT_PROTOTYPES = YES;
				CLANG_WARN_SUSPICIOUS_MOVE = YES;
				CLANG_WARN_UNGUARDED_AVAILABILITY = YES_AGGRESSIVE;
				CLANG_WARN_UNREACHABLE_CODE = YES;
				CLANG_WARN__DUPLICATE_METHOD_MATCH = YES;
				COPY_PHASE_STRIP = NO;
				DEBUG_INFORMATION_FORMAT = "dwarf-with-dsym";
				ENABLE_NS_ASSERTIONS = NO;
				ENABLE_STRICT_OBJC_MSGSEND = YES;
				ENABLE_USER_SCRIPT_SANDBOXING = YES;
				GCC_C_LANGUAGE_STANDARD = gnu17;
				GCC_NO_COMMON_BLOCKS = YES;
				GCC_WARN_64_TO_32_BIT_CONVERSION = YES;
				GCC_WARN_ABOUT_RETURN_TYPE = YES_ERROR;
				GCC_WARN_UNDECLARED_SELECTOR = YES;
				GCC_WARN_UNINITIALIZED_AUTOS = YES_AGGRESSIVE;
				GCC_WARN_UNUSED_FUNCTION = YES;
				GCC_WARN_UNUSED_VARIABLE = YES;
				IPHONEOS_DEPLOYMENT_TARGET = 17.5;
				LOCALIZATION_PREFERS_STRING_CATALOGS = YES;
				MTL_ENABLE_DEBUG_INFO = NO;
				MTL_FAST_MATH = YES;
				SDKROOT = iphoneos;
				SWIFT_COMPILATION_MODE = wholemodule;
				VALIDATE_PRODUCT = YES;
			};
			name = Release;
		};
		D40B612E2C8C2D6A00ECF55D /* Debug */ = {
			isa = XCBuildConfiguration;
			buildSettings = {
				ASSETCATALOG_COMPILER_APPICON_NAME = AppIcon;
				ASSETCATALOG_COMPILER_GLOBAL_ACCENT_COLOR_NAME = AccentColor;
				CODE_SIGN_STYLE = Automatic;
				CURRENT_PROJECT_VERSION = 1;
				DEVELOPMENT_ASSET_PATHS = "\"Todo App/Preview Content\"";
				DEVELOPMENT_TEAM = 9233KAYNLH;
				ENABLE_PREVIEWS = YES;
				GENERATE_INFOPLIST_FILE = YES;
				INFOPLIST_FILE = "Todo-App-Info.plist";
				INFOPLIST_KEY_UIApplicationSceneManifest_Generation = YES;
				INFOPLIST_KEY_UIApplicationSupportsIndirectInputEvents = YES;
				INFOPLIST_KEY_UILaunchScreen_Generation = YES;
				INFOPLIST_KEY_UILaunchStoryboardName = "Launch Screen.storyboard";
				INFOPLIST_KEY_UISupportedInterfaceOrientations = UIInterfaceOrientationPortrait;
				INFOPLIST_KEY_UISupportedInterfaceOrientations_iPad = "UIInterfaceOrientationLandscapeLeft UIInterfaceOrientationLandscapeRight UIInterfaceOrientationPortrait UIInterfaceOrientationPortraitUpsideDown";
				LD_RUNPATH_SEARCH_PATHS = (
					"$(inherited)",
					"@executable_path/Frameworks",
				);
				MARKETING_VERSION = 1.0;
				PRODUCT_BUNDLE_IDENTIFIER = "project.naswa.Todo-App";
				PRODUCT_NAME = "$(TARGET_NAME)";
				SWIFT_EMIT_LOC_STRINGS = YES;
				SWIFT_VERSION = 5.0;
				TARGETED_DEVICE_FAMILY = "1,2";
			};
			name = Debug;
		};
		D40B612F2C8C2D6A00ECF55D /* Release */ = {
			isa = XCBuildConfiguration;
			buildSettings = {
				ASSETCATALOG_COMPILER_APPICON_NAME = AppIcon;
				ASSETCATALOG_COMPILER_GLOBAL_ACCENT_COLOR_NAME = AccentColor;
				CODE_SIGN_STYLE = Automatic;
				CURRENT_PROJECT_VERSION = 1;
				DEVELOPMENT_ASSET_PATHS = "\"Todo App/Preview Content\"";
				DEVELOPMENT_TEAM = 9233KAYNLH;
				ENABLE_PREVIEWS = YES;
				GENERATE_INFOPLIST_FILE = YES;
				INFOPLIST_FILE = "Todo-App-Info.plist";
				INFOPLIST_KEY_UIApplicationSceneManifest_Generation = YES;
				INFOPLIST_KEY_UIApplicationSupportsIndirectInputEvents = YES;
				INFOPLIST_KEY_UILaunchScreen_Generation = YES;
				INFOPLIST_KEY_UILaunchStoryboardName = "Launch Screen.storyboard";
				INFOPLIST_KEY_UISupportedInterfaceOrientations = UIInterfaceOrientationPortrait;
				INFOPLIST_KEY_UISupportedInterfaceOrientations_iPad = "UIInterfaceOrientationLandscapeLeft UIInterfaceOrientationLandscapeRight UIInterfaceOrientationPortrait UIInterfaceOrientationPortraitUpsideDown";
				LD_RUNPATH_SEARCH_PATHS = (
					"$(inherited)",
					"@executable_path/Frameworks",
				);
				MARKETING_VERSION = 1.0;
				PRODUCT_BUNDLE_IDENTIFIER = "project.naswa.Todo-App";
				PRODUCT_NAME = "$(TARGET_NAME)";
				SWIFT_EMIT_LOC_STRINGS = YES;
				SWIFT_VERSION = 5.0;
				TARGETED_DEVICE_FAMILY = "1,2";
			};
			name = Release;
		};
/* End XCBuildConfiguration section */

/* Begin XCConfigurationList section */
		D40B61152C8C2D6800ECF55D /* Build configuration list for PBXProject "Todo App" */ = {
			isa = XCConfigurationList;
			buildConfigurations = (
				D40B612B2C8C2D6A00ECF55D /* Debug */,
				D40B612C2C8C2D6A00ECF55D /* Release */,
			);
			defaultConfigurationIsVisible = 0;
			defaultConfigurationName = Release;
		};
		D40B612D2C8C2D6A00ECF55D /* Build configuration list for PBXNativeTarget "Todo App" */ = {
			isa = XCConfigurationList;
			buildConfigurations = (
				D40B612E2C8C2D6A00ECF55D /* Debug */,
				D40B612F2C8C2D6A00ECF55D /* Release */,
			);
			defaultConfigurationIsVisible = 0;
			defaultConfigurationName = Release;
		};
/* End XCConfigurationList section */

/* Begin XCVersionGroup section */
		D40B61282C8C2D6A00ECF55D /* Todo_App.xcdatamodeld */ = {
			isa = XCVersionGroup;
			children = (
				D40B61292C8C2D6A00ECF55D /* Todo_App.xcdatamodel */,
			);
			currentVersion = D40B61292C8C2D6A00ECF55D /* Todo_App.xcdatamodel */;
			path = Todo_App.xcdatamodeld;
			sourceTree = "<group>";
			versionGroupType = wrapper.xcdatamodel;
		};
/* End XCVersionGroup section */
	};
	rootObject = D40B61122C8C2D6800ECF55D /* Project object */;
}
